
Microsoft Visual Studio Solution File, Format Version 12.00
# Visual Studio Version 16
VisualStudioVersion = 16.0.31321.278
MinimumVisualStudioVersion = 10.0.40219.1
Project("{FAE04EC0-301F-11D3-BF4B-00C04F79EFBC}") = "repaso2_3D", "repaso2_3D.csproj", "{9AB876DF-2B3F-48C8-8C3A-DC67141D2224}"
EndProject
Global
	GlobalSection(SolutionConfigurationPlatforms) = preSolution
		Debug|Any CPU = Debug|Any CPU
		Release|Any CPU = Release|Any CPU
	EndGlobalSection
	GlobalSection(ProjectConfigurationPlatforms) = postSolution
		{9AB876DF-2B3F-48C8-8C3A-DC67141D2224}.Debug|Any CPU.ActiveCfg = Debug|Any CPU
		{9AB876DF-2B3F-48C8-8C3A-DC67141D2224}.Debug|Any CPU.Build.0 = Debug|Any CPU
		{9AB876DF-2B3F-48C8-8C3A-DC67141D2224}.Release|Any CPU.ActiveCfg = Release|Any CPU
		{9AB876DF-2B3F-48C8-8C3A-DC67141D2224}.Release|Any CPU.Build.0 = Release|Any CPU
	EndGlobalSection
	GlobalSection(SolutionProperties) = preSolution
		HideSolutionNode = FALSE
	EndGlobalSection
	GlobalSection(ExtensibilityGlobals) = postSolution
		SolutionGuid = {7FB7B177-3A8A-441A-ADFE-8D12A5E182A1}
	EndGlobalSection
EndGlobal
